<?xml version="1.0" encoding="utf-8"?>
<Project ToolsVersion="4.0" xmlns="http://schemas.microsoft.com/developer/msbuild/2003">
  <ItemGroup>
    <Filter Include="Source Files">
      <UniqueIdentifier>{4FC737F1-C7A5-4376-A066-2A32D752A2FF}</UniqueIdentifier>
      <Extensions>cpp;c;cc;cxx;def;odl;idl;hpj;bat;asm;asmx</Extensions>
    </Filter>
    <Filter Include="Header Files">
      <UniqueIdentifier>{93995380-89BD-4b04-88EB-625FBE52EBFB}</UniqueIdentifier>
      <Extensions>h;hh;hpp;hxx;hm;inl;inc;xsd</Extensions>
    </Filter>
    <Filter Include="Resource Files">
      <UniqueIdentifier>{67DA6AB6-F800-4c08-8B7A-83BB121AAD01}</UniqueIdentifier>
      <Extensions>rc;ico;cur;bmp;dlg;rc2;rct;bin;rgs;gif;jpg;jpeg;jpe;resx;tiff;tif;png;wav;mfcribbon-ms</Extensions>
    </Filter>
    <Filter Include="Source Files\Headers">
      <UniqueIdentifier>{e9dc74c8-7b02-4ec3-81b5-9c0037816c30}</UniqueIdentifier>
    </Filter>
    <Filter Include="Source Files\Sources">
      <UniqueIdentifier>{aa52bbfb-479c-4c50-882f-3363621f2824}</UniqueIdentifier>
    </Filter>
  </ItemGroup>
  <ItemGroup>
    <ClCompile Include="src\main.cpp">
      <Filter>Source Files</Filter>
    </ClCompile>
    <ClCompile Include="src\window.cpp">
      <Filter>Source Files\Sources</Filter>
    </ClCompile>
    <ClCompile Include="src\point_light.cpp">
      <Filter>Source Files\Sources</Filter>
    </ClCompile>
    <ClCompile Include="src\shader.cpp">
      <Filter>Source Files\Sources</Filter>
    </ClCompile>
    <ClCompile Include="src\spot_light.cpp">
      <Filter>Source Files\Sources</Filter>
    </ClCompile>
    <ClCompile Include="src\stb_image.cpp">
      <Filter>Source Files\Sources</Filter>
    </ClCompile>
    <ClCompile Include="..\glad.c">
      <Filter>Source Files\Sources</Filter>
    </ClCompile>
    <ClCompile Include="src\dir_light.cpp">
      <Filter>Source Files\Sources</Filter>
    </ClCompile>
    <ClCompile Include="src\camera.cpp">
      <Filter>Source Files\Sources</Filter>
    </ClCompile>
    <ClCompile Include="src\mesh.cpp">
      <Filter>Source Files\Sources</Filter>
    </ClCompile>
    <ClCompile Include="src\model.cpp">
      <Filter>Source Files\Sources</Filter>
    </ClCompile>
  </ItemGroup>
  <ItemGroup>
    <ClInclude Include="src\camera.h">
      <Filter>Source Files\Headers</Filter>
    </ClInclude>
    <ClInclude Include="src\dir_light.h">
      <Filter>Source Files\Headers</Filter>
    </ClInclude>
    <ClInclude Include="src\mesh.h">
      <Filter>Source Files\Headers</Filter>
    </ClInclude>
    <ClInclude Include="src\point_light.h">
      <Filter>Source Files\Headers</Filter>
    </ClInclude>
    <ClInclude Include="src\shader.h">
      <Filter>Source Files\Headers</Filter>
    </ClInclude>
    <ClInclude Include="src\spot_light.h">
      <Filter>Source Files\Headers</Filter>
    </ClInclude>
    <ClInclude Include="src\stb_image.h">
      <Filter>Source Files\Headers</Filter>
    </ClInclude>
    <ClInclude Include="src\window.h">
      <Filter>Source Files\Headers</Filter>
    </ClInclude>
    <ClInclude Include="src\model.h">
      <Filter>Source Files\Headers</Filter>
    </ClInclude>
    <ClInclude Include="src\simple_model.h">
      <Filter>Source Files\Headers</Filter>
    </ClInclude>
    <ClInclude Include="src\ipp.h">
      <Filter>Source Files\Headers</Filter>
    </ClInclude>
    <ClInclude Include="src\skybox.h">
      <Filter>Source Files\Headers</Filter>
    </ClInclude>
    <ClInclude Include="src\particle_effects.h">
      <Filter>Source Files\Headers</Filter>
    </ClInclude>
    <ClInclude Include="src\meteor_orbit.h">
      <Filter>Source Files\Headers</Filter>
    </ClInclude>
  </ItemGroup>
</Project>